// !$*UTF8*$!
{
	archiveVersion = 1;
	classes = {
	};
	objectVersion = 46;
	objects = {

/* Begin PBXBuildFile section */
		181899311F43D5250035FAFA /* UIColor+HexColor.m in Sources */ = {isa = PBXBuildFile; fileRef = 181899301F43D5250035FAFA /* UIColor+HexColor.m */; };
		1819493D1F4D883800B2DD0A /* BBSLabelViewController.m in Sources */ = {isa = PBXBuildFile; fileRef = 1819493C1F4D883800B2DD0A /* BBSLabelViewController.m */; };
		181949521F4D88C900B2DD0A /* LTCharacterDiffResult.swift in Sources */ = {isa = PBXBuildFile; fileRef = 1819493F1F4D88C900B2DD0A /* LTCharacterDiffResult.swift */; };
		181949531F4D88C900B2DD0A /* LTCharacterLimbo.swift in Sources */ = {isa = PBXBuildFile; fileRef = 181949401F4D88C900B2DD0A /* LTCharacterLimbo.swift */; };
		181949541F4D88C900B2DD0A /* LTEasing.swift in Sources */ = {isa = PBXBuildFile; fileRef = 181949411F4D88C900B2DD0A /* LTEasing.swift */; };
		181949551F4D88C900B2DD0A /* LTEmitterView.swift in Sources */ = {isa = PBXBuildFile; fileRef = 181949421F4D88C900B2DD0A /* LTEmitterView.swift */; };
		181949561F4D88C900B2DD0A /* LTMorphingEffect.swift in Sources */ = {isa = PBXBuildFile; fileRef = 181949431F4D88C900B2DD0A /* LTMorphingEffect.swift */; };
		181949571F4D88C900B2DD0A /* LTMorphingLabel+Anvil.swift in Sources */ = {isa = PBXBuildFile; fileRef = 181949441F4D88C900B2DD0A /* LTMorphingLabel+Anvil.swift */; };
		181949581F4D88C900B2DD0A /* LTMorphingLabel+Burn.swift in Sources */ = {isa = PBXBuildFile; fileRef = 181949451F4D88C900B2DD0A /* LTMorphingLabel+Burn.swift */; };
		181949591F4D88C900B2DD0A /* LTMorphingLabel+Evaporate.swift in Sources */ = {isa = PBXBuildFile; fileRef = 181949461F4D88C900B2DD0A /* LTMorphingLabel+Evaporate.swift */; };
		1819495A1F4D88C900B2DD0A /* LTMorphingLabel+Fall.swift in Sources */ = {isa = PBXBuildFile; fileRef = 181949471F4D88C900B2DD0A /* LTMorphingLabel+Fall.swift */; };
		1819495B1F4D88C900B2DD0A /* LTMorphingLabel+Pixelate.swift in Sources */ = {isa = PBXBuildFile; fileRef = 181949481F4D88C900B2DD0A /* LTMorphingLabel+Pixelate.swift */; };
		1819495C1F4D88C900B2DD0A /* LTMorphingLabel+Sparkle.swift in Sources */ = {isa = PBXBuildFile; fileRef = 181949491F4D88C900B2DD0A /* LTMorphingLabel+Sparkle.swift */; };
		1819495D1F4D88C900B2DD0A /* LTMorphingLabel.swift in Sources */ = {isa = PBXBuildFile; fileRef = 1819494B1F4D88C900B2DD0A /* LTMorphingLabel.swift */; };
		1819495E1F4D88C900B2DD0A /* LTStringDiffResult.swift in Sources */ = {isa = PBXBuildFile; fileRef = 1819494C1F4D88C900B2DD0A /* LTStringDiffResult.swift */; };
		1819495F1F4D88C900B2DD0A /* Fire.png in Resources */ = {isa = PBXBuildFile; fileRef = 1819494E1F4D88C900B2DD0A /* Fire.png */; };
		181949601F4D88C900B2DD0A /* Fragment.png in Resources */ = {isa = PBXBuildFile; fileRef = 1819494F1F4D88C900B2DD0A /* Fragment.png */; };
		181949611F4D88C900B2DD0A /* Smoke.png in Resources */ = {isa = PBXBuildFile; fileRef = 181949501F4D88C900B2DD0A /* Smoke.png */; };
		181949621F4D88C900B2DD0A /* Sparkle.png in Resources */ = {isa = PBXBuildFile; fileRef = 181949511F4D88C900B2DD0A /* Sparkle.png */; };
		181949641F4D8B0A00B2DD0A /* BBSSwift.swift in Sources */ = {isa = PBXBuildFile; fileRef = 181949631F4D8B0A00B2DD0A /* BBSSwift.swift */; };
		181B8FF91F46BE7800A4C971 /* BBSURLSessionViewController.m in Sources */ = {isa = PBXBuildFile; fileRef = 181B8FF81F46BE7800A4C971 /* BBSURLSessionViewController.m */; };
		181B8FFC1F46C5C400A4C971 /* BBSMyURLSessionViewController.m in Sources */ = {isa = PBXBuildFile; fileRef = 181B8FFB1F46C5C400A4C971 /* BBSMyURLSessionViewController.m */; };
		181B90021F46D2C300A4C971 /* ZFDownloadManager.m in Sources */ = {isa = PBXBuildFile; fileRef = 181B8FFF1F46D2C300A4C971 /* ZFDownloadManager.m */; };
		181B90031F46D2C300A4C971 /* ZFSessionModel.m in Sources */ = {isa = PBXBuildFile; fileRef = 181B90011F46D2C300A4C971 /* ZFSessionModel.m */; };
		181B90181F46D39300A4C971 /* TZAssetCell.m in Sources */ = {isa = PBXBuildFile; fileRef = 181B90061F46D39300A4C971 /* TZAssetCell.m */; };
		181B90191F46D39300A4C971 /* TZAssetModel.m in Sources */ = {isa = PBXBuildFile; fileRef = 181B90081F46D39300A4C971 /* TZAssetModel.m */; };
		181B901A1F46D39300A4C971 /* TZImageManager.m in Sources */ = {isa = PBXBuildFile; fileRef = 181B900A1F46D39300A4C971 /* TZImageManager.m */; };
		181B901B1F46D39300A4C971 /* TZImagePickerController.bundle in Resources */ = {isa = PBXBuildFile; fileRef = 181B900B1F46D39300A4C971 /* TZImagePickerController.bundle */; };
		181B901C1F46D39300A4C971 /* TZImagePickerController.m in Sources */ = {isa = PBXBuildFile; fileRef = 181B900D1F46D39300A4C971 /* TZImagePickerController.m */; };
		181B901D1F46D39300A4C971 /* TZPhotoPickerController.m in Sources */ = {isa = PBXBuildFile; fileRef = 181B900F1F46D39300A4C971 /* TZPhotoPickerController.m */; };
		181B901E1F46D39300A4C971 /* TZPhotoPreviewCell.m in Sources */ = {isa = PBXBuildFile; fileRef = 181B90111F46D39300A4C971 /* TZPhotoPreviewCell.m */; };
		181B901F1F46D39300A4C971 /* TZPhotoPreviewController.m in Sources */ = {isa = PBXBuildFile; fileRef = 181B90131F46D39300A4C971 /* TZPhotoPreviewController.m */; };
		181B90201F46D39300A4C971 /* TZVideoPlayerController.m in Sources */ = {isa = PBXBuildFile; fileRef = 181B90151F46D39300A4C971 /* TZVideoPlayerController.m */; };
		181B90211F46D39300A4C971 /* UIView+Layout.m in Sources */ = {isa = PBXBuildFile; fileRef = 181B90171F46D39300A4C971 /* UIView+Layout.m */; };
		182BEAAC1F46EB7B00FD6ABE /* BBSDownloadedTableViewCell.m in Sources */ = {isa = PBXBuildFile; fileRef = 182BEAA11F46EB7B00FD6ABE /* BBSDownloadedTableViewCell.m */; };
		182BEAAD1F46EB7B00FD6ABE /* BBSDownloadedTableViewCell.xib in Resources */ = {isa = PBXBuildFile; fileRef = 182BEAA21F46EB7B00FD6ABE /* BBSDownloadedTableViewCell.xib */; };
		182BEAAE1F46EB7B00FD6ABE /* BBSDownloadingTableViewCell.m in Sources */ = {isa = PBXBuildFile; fileRef = 182BEAA41F46EB7B00FD6ABE /* BBSDownloadingTableViewCell.m */; };
		182BEAAF1F46EB7B00FD6ABE /* BBSDownloadingTableViewCell.xib in Resources */ = {isa = PBXBuildFile; fileRef = 182BEAA51F46EB7B00FD6ABE /* BBSDownloadingTableViewCell.xib */; };
		182BEAB01F46EB7B00FD6ABE /* BBSDownloadTableViewCell.m in Sources */ = {isa = PBXBuildFile; fileRef = 182BEAA71F46EB7B00FD6ABE /* BBSDownloadTableViewCell.m */; };
		182BEAB11F46EB7B00FD6ABE /* BBSDownloadTableViewCell.xib in Resources */ = {isa = PBXBuildFile; fileRef = 182BEAA81F46EB7B00FD6ABE /* BBSDownloadTableViewCell.xib */; };
		182BEAB21F46EB7B00FD6ABE /* BBSDownloadViewController.m in Sources */ = {isa = PBXBuildFile; fileRef = 182BEAAA1F46EB7B00FD6ABE /* BBSDownloadViewController.m */; };
		182BEAB31F46EB7B00FD6ABE /* BBSDownloadViewController.xib in Resources */ = {isa = PBXBuildFile; fileRef = 182BEAAB1F46EB7B00FD6ABE /* BBSDownloadViewController.xib */; };
		18301B6E1F4E735400294664 /* BBSDragViewController.m in Sources */ = {isa = PBXBuildFile; fileRef = 18301B6D1F4E735400294664 /* BBSDragViewController.m */; };
		18C2353E1F42E56100553864 /* main.m in Sources */ = {isa = PBXBuildFile; fileRef = 18C2353D1F42E56100553864 /* main.m */; };
		18C235411F42E56100553864 /* AppDelegate.m in Sources */ = {isa = PBXBuildFile; fileRef = 18C235401F42E56100553864 /* AppDelegate.m */; };
		18C235441F42E56100553864 /* HomeViewController.m in Sources */ = {isa = PBXBuildFile; fileRef = 18C235431F42E56100553864 /* HomeViewController.m */; };
		18C235491F42E56100553864 /* Assets.xcassets in Resources */ = {isa = PBXBuildFile; fileRef = 18C235481F42E56100553864 /* Assets.xcassets */; };
		18C2354C1F42E56100553864 /* LaunchScreen.storyboard in Resources */ = {isa = PBXBuildFile; fileRef = 18C2354A1F42E56100553864 /* LaunchScreen.storyboard */; };
		18C235561F42E56F00553864 /* iCarousel.m in Sources */ = {isa = PBXBuildFile; fileRef = 18C235551F42E56F00553864 /* iCarousel.m */; };
		18C2355A1F42FAEC00553864 /* UIImage+scale.m in Sources */ = {isa = PBXBuildFile; fileRef = 18C235591F42FAEC00553864 /* UIImage+scale.m */; };
		18C2355D1F42FAFB00553864 /* UIImage+down.m in Sources */ = {isa = PBXBuildFile; fileRef = 18C2355C1F42FAFB00553864 /* UIImage+down.m */; };
		18C235601F42FD0500553864 /* UIImageView+colorGraduallyChange.m in Sources */ = {isa = PBXBuildFile; fileRef = 18C2355F1F42FD0500553864 /* UIImageView+colorGraduallyChange.m */; };
		18C235631F4304C800553864 /* UIImage+fuzzy.m in Sources */ = {isa = PBXBuildFile; fileRef = 18C235621F4304C800553864 /* UIImage+fuzzy.m */; };
		18C235661F430AC200553864 /* BBSWeightChangeVC.m in Sources */ = {isa = PBXBuildFile; fileRef = 18C235651F430AC200553864 /* BBSWeightChangeVC.m */; };
		18C2356E1F430B1A00553864 /* LYSHistogramChart.m in Sources */ = {isa = PBXBuildFile; fileRef = 18C235691F430B1A00553864 /* LYSHistogramChart.m */; };
		18C2356F1F430B1A00553864 /* LYSLineChart.m in Sources */ = {isa = PBXBuildFile; fileRef = 18C2356B1F430B1A00553864 /* LYSLineChart.m */; };
		18C235701F430B1A00553864 /* LYSToolObject.m in Sources */ = {isa = PBXBuildFile; fileRef = 18C2356D1F430B1A00553864 /* LYSToolObject.m */; };
/* End PBXBuildFile section */

/* Begin PBXFileReference section */
		1818992F1F43D5250035FAFA /* UIColor+HexColor.h */ = {isa = PBXFileReference; fileEncoding = 4; lastKnownFileType = sourcecode.c.h; path = "UIColor+HexColor.h"; sourceTree = "<group>"; };
		181899301F43D5250035FAFA /* UIColor+HexColor.m */ = {isa = PBXFileReference; fileEncoding = 4; lastKnownFileType = sourcecode.c.objc; path = "UIColor+HexColor.m"; sourceTree = "<group>"; };
		1819493B1F4D883800B2DD0A /* BBSLabelViewController.h */ = {isa = PBXFileReference; fileEncoding = 4; lastKnownFileType = sourcecode.c.h; path = BBSLabelViewController.h; sourceTree = "<group>"; };
		1819493C1F4D883800B2DD0A /* BBSLabelViewController.m */ = {isa = PBXFileReference; fileEncoding = 4; lastKnownFileType = sourcecode.c.objc; path = BBSLabelViewController.m; sourceTree = "<group>"; };
		1819493F1F4D88C900B2DD0A /* LTCharacterDiffResult.swift */ = {isa = PBXFileReference; fileEncoding = 4; lastKnownFileType = sourcecode.swift; path = LTCharacterDiffResult.swift; sourceTree = "<group>"; };
		181949401F4D88C900B2DD0A /* LTCharacterLimbo.swift */ = {isa = PBXFileReference; fileEncoding = 4; lastKnownFileType = sourcecode.swift; path = LTCharacterLimbo.swift; sourceTree = "<group>"; };
		181949411F4D88C900B2DD0A /* LTEasing.swift */ = {isa = PBXFileReference; fileEncoding = 4; lastKnownFileType = sourcecode.swift; path = LTEasing.swift; sourceTree = "<group>"; };
		181949421F4D88C900B2DD0A /* LTEmitterView.swift */ = {isa = PBXFileReference; fileEncoding = 4; lastKnownFileType = sourcecode.swift; path = LTEmitterView.swift; sourceTree = "<group>"; };
		181949431F4D88C900B2DD0A /* LTMorphingEffect.swift */ = {isa = PBXFileReference; fileEncoding = 4; lastKnownFileType = sourcecode.swift; path = LTMorphingEffect.swift; sourceTree = "<group>"; };
		181949441F4D88C900B2DD0A /* LTMorphingLabel+Anvil.swift */ = {isa = PBXFileReference; fileEncoding = 4; lastKnownFileType = sourcecode.swift; path = "LTMorphingLabel+Anvil.swift"; sourceTree = "<group>"; };
		181949451F4D88C900B2DD0A /* LTMorphingLabel+Burn.swift */ = {isa = PBXFileReference; fileEncoding = 4; lastKnownFileType = sourcecode.swift; path = "LTMorphingLabel+Burn.swift"; sourceTree = "<group>"; };
		181949461F4D88C900B2DD0A /* LTMorphingLabel+Evaporate.swift */ = {isa = PBXFileReference; fileEncoding = 4; lastKnownFileType = sourcecode.swift; path = "LTMorphingLabel+Evaporate.swift"; sourceTree = "<group>"; };
		181949471F4D88C900B2DD0A /* LTMorphingLabel+Fall.swift */ = {isa = PBXFileReference; fileEncoding = 4; lastKnownFileType = sourcecode.swift; path = "LTMorphingLabel+Fall.swift"; sourceTree = "<group>"; };
		181949481F4D88C900B2DD0A /* LTMorphingLabel+Pixelate.swift */ = {isa = PBXFileReference; fileEncoding = 4; lastKnownFileType = sourcecode.swift; path = "LTMorphingLabel+Pixelate.swift"; sourceTree = "<group>"; };
		181949491F4D88C900B2DD0A /* LTMorphingLabel+Sparkle.swift */ = {isa = PBXFileReference; fileEncoding = 4; lastKnownFileType = sourcecode.swift; path = "LTMorphingLabel+Sparkle.swift"; sourceTree = "<group>"; };
		1819494A1F4D88C900B2DD0A /* LTMorphingLabel.h */ = {isa = PBXFileReference; fileEncoding = 4; lastKnownFileType = sourcecode.c.h; path = LTMorphingLabel.h; sourceTree = "<group>"; };
		1819494B1F4D88C900B2DD0A /* LTMorphingLabel.swift */ = {isa = PBXFileReference; fileEncoding = 4; lastKnownFileType = sourcecode.swift; path = LTMorphingLabel.swift; sourceTree = "<group>"; };
		1819494C1F4D88C900B2DD0A /* LTStringDiffResult.swift */ = {isa = PBXFileReference; fileEncoding = 4; lastKnownFileType = sourcecode.swift; path = LTStringDiffResult.swift; sourceTree = "<group>"; };
		1819494E1F4D88C900B2DD0A /* Fire.png */ = {isa = PBXFileReference; lastKnownFileType = image.png; path = Fire.png; sourceTree = "<group>"; };
		1819494F1F4D88C900B2DD0A /* Fragment.png */ = {isa = PBXFileReference; lastKnownFileType = image.png; path = Fragment.png; sourceTree = "<group>"; };
		181949501F4D88C900B2DD0A /* Smoke.png */ = {isa = PBXFileReference; lastKnownFileType = image.png; path = Smoke.png; sourceTree = "<group>"; };
		181949511F4D88C900B2DD0A /* Sparkle.png */ = {isa = PBXFileReference; lastKnownFileType = image.png; path = Sparkle.png; sourceTree = "<group>"; };
		181949631F4D8B0A00B2DD0A /* BBSSwift.swift */ = {isa = PBXFileReference; fileEncoding = 4; lastKnownFileType = sourcecode.swift; path = BBSSwift.swift; sourceTree = "<group>"; };
		181B8FF71F46BE7800A4C971 /* BBSURLSessionViewController.h */ = {isa = PBXFileReference; fileEncoding = 4; lastKnownFileType = sourcecode.c.h; path = BBSURLSessionViewController.h; sourceTree = "<group>"; };
		181B8FF81F46BE7800A4C971 /* BBSURLSessionViewController.m */ = {isa = PBXFileReference; fileEncoding = 4; lastKnownFileType = sourcecode.c.objc; path = BBSURLSessionViewController.m; sourceTree = "<group>"; };
		181B8FFA1F46C5C400A4C971 /* BBSMyURLSessionViewController.h */ = {isa = PBXFileReference; fileEncoding = 4; lastKnownFileType = sourcecode.c.h; path = BBSMyURLSessionViewController.h; sourceTree = "<group>"; };
		181B8FFB1F46C5C400A4C971 /* BBSMyURLSessionViewController.m */ = {isa = PBXFileReference; fileEncoding = 4; lastKnownFileType = sourcecode.c.objc; path = BBSMyURLSessionViewController.m; sourceTree = "<group>"; };
		181B8FFE1F46D2C300A4C971 /* ZFDownloadManager.h */ = {isa = PBXFileReference; fileEncoding = 4; lastKnownFileType = sourcecode.c.h; path = ZFDownloadManager.h; sourceTree = "<group>"; };
		181B8FFF1F46D2C300A4C971 /* ZFDownloadManager.m */ = {isa = PBXFileReference; fileEncoding = 4; lastKnownFileType = sourcecode.c.objc; path = ZFDownloadManager.m; sourceTree = "<group>"; };
		181B90001F46D2C300A4C971 /* ZFSessionModel.h */ = {isa = PBXFileReference; fileEncoding = 4; lastKnownFileType = sourcecode.c.h; path = ZFSessionModel.h; sourceTree = "<group>"; };
		181B90011F46D2C300A4C971 /* ZFSessionModel.m */ = {isa = PBXFileReference; fileEncoding = 4; lastKnownFileType = sourcecode.c.objc; path = ZFSessionModel.m; sourceTree = "<group>"; };
		181B90051F46D39300A4C971 /* TZAssetCell.h */ = {isa = PBXFileReference; fileEncoding = 4; lastKnownFileType = sourcecode.c.h; path = TZAssetCell.h; sourceTree = "<group>"; };
		181B90061F46D39300A4C971 /* TZAssetCell.m */ = {isa = PBXFileReference; fileEncoding = 4; lastKnownFileType = sourcecode.c.objc; path = TZAssetCell.m; sourceTree = "<group>"; };
		181B90071F46D39300A4C971 /* TZAssetModel.h */ = {isa = PBXFileReference; fileEncoding = 4; lastKnownFileType = sourcecode.c.h; path = TZAssetModel.h; sourceTree = "<group>"; };
		181B90081F46D39300A4C971 /* TZAssetModel.m */ = {isa = PBXFileReference; fileEncoding = 4; lastKnownFileType = sourcecode.c.objc; path = TZAssetModel.m; sourceTree = "<group>"; };
		181B90091F46D39300A4C971 /* TZImageManager.h */ = {isa = PBXFileReference; fileEncoding = 4; lastKnownFileType = sourcecode.c.h; path = TZImageManager.h; sourceTree = "<group>"; };
		181B900A1F46D39300A4C971 /* TZImageManager.m */ = {isa = PBXFileReference; fileEncoding = 4; lastKnownFileType = sourcecode.c.objc; path = TZImageManager.m; sourceTree = "<group>"; };
		181B900B1F46D39300A4C971 /* TZImagePickerController.bundle */ = {isa = PBXFileReference; lastKnownFileType = "wrapper.plug-in"; path = TZImagePickerController.bundle; sourceTree = "<group>"; };
		181B900C1F46D39300A4C971 /* TZImagePickerController.h */ = {isa = PBXFileReference; fileEncoding = 4; lastKnownFileType = sourcecode.c.h; path = TZImagePickerController.h; sourceTree = "<group>"; };
		181B900D1F46D39300A4C971 /* TZImagePickerController.m */ = {isa = PBXFileReference; fileEncoding = 4; lastKnownFileType = sourcecode.c.objc; path = TZImagePickerController.m; sourceTree = "<group>"; };
		181B900E1F46D39300A4C971 /* TZPhotoPickerController.h */ = {isa = PBXFileReference; fileEncoding = 4; lastKnownFileType = sourcecode.c.h; path = TZPhotoPickerController.h; sourceTree = "<group>"; };
		181B900F1F46D39300A4C971 /* TZPhotoPickerController.m */ = {isa = PBXFileReference; fileEncoding = 4; lastKnownFileType = sourcecode.c.objc; path = TZPhotoPickerController.m; sourceTree = "<group>"; };
		181B90101F46D39300A4C971 /* TZPhotoPreviewCell.h */ = {isa = PBXFileReference; fileEncoding = 4; lastKnownFileType = sourcecode.c.h; path = TZPhotoPreviewCell.h; sourceTree = "<group>"; };
		181B90111F46D39300A4C971 /* TZPhotoPreviewCell.m */ = {isa = PBXFileReference; fileEncoding = 4; lastKnownFileType = sourcecode.c.objc; path = TZPhotoPreviewCell.m; sourceTree = "<group>"; };
		181B90121F46D39300A4C971 /* TZPhotoPreviewController.h */ = {isa = PBXFileReference; fileEncoding = 4; lastKnownFileType = sourcecode.c.h; path = TZPhotoPreviewController.h; sourceTree = "<group>"; };
		181B90131F46D39300A4C971 /* TZPhotoPreviewController.m */ = {isa = PBXFileReference; fileEncoding = 4; lastKnownFileType = sourcecode.c.objc; path = TZPhotoPreviewController.m; sourceTree = "<group>"; };
		181B90141F46D39300A4C971 /* TZVideoPlayerController.h */ = {isa = PBXFileReference; fileEncoding = 4; lastKnownFileType = sourcecode.c.h; path = TZVideoPlayerController.h; sourceTree = "<group>"; };
		181B90151F46D39300A4C971 /* TZVideoPlayerController.m */ = {isa = PBXFileReference; fileEncoding = 4; lastKnownFileType = sourcecode.c.objc; path = TZVideoPlayerController.m; sourceTree = "<group>"; };
		181B90161F46D39300A4C971 /* UIView+Layout.h */ = {isa = PBXFileReference; fileEncoding = 4; lastKnownFileType = sourcecode.c.h; path = "UIView+Layout.h"; sourceTree = "<group>"; };
		181B90171F46D39300A4C971 /* UIView+Layout.m */ = {isa = PBXFileReference; fileEncoding = 4; lastKnownFileType = sourcecode.c.objc; path = "UIView+Layout.m"; sourceTree = "<group>"; };
		181B90271F46D84B00A4C971 /* JWTestPCH.pch */ = {isa = PBXFileReference; lastKnownFileType = sourcecode.c.h; path = JWTestPCH.pch; sourceTree = "<group>"; };
		182BEAA01F46EB7B00FD6ABE /* BBSDownloadedTableViewCell.h */ = {isa = PBXFileReference; fileEncoding = 4; lastKnownFileType = sourcecode.c.h; path = BBSDownloadedTableViewCell.h; sourceTree = "<group>"; };
		182BEAA11F46EB7B00FD6ABE /* BBSDownloadedTableViewCell.m */ = {isa = PBXFileReference; fileEncoding = 4; lastKnownFileType = sourcecode.c.objc; path = BBSDownloadedTableViewCell.m; sourceTree = "<group>"; };
		182BEAA21F46EB7B00FD6ABE /* BBSDownloadedTableViewCell.xib */ = {isa = PBXFileReference; fileEncoding = 4; lastKnownFileType = file.xib; path = BBSDownloadedTableViewCell.xib; sourceTree = "<group>"; };
		182BEAA31F46EB7B00FD6ABE /* BBSDownloadingTableViewCell.h */ = {isa = PBXFileReference; fileEncoding = 4; lastKnownFileType = sourcecode.c.h; path = BBSDownloadingTableViewCell.h; sourceTree = "<group>"; };
		182BEAA41F46EB7B00FD6ABE /* BBSDownloadingTableViewCell.m */ = {isa = PBXFileReference; fileEncoding = 4; lastKnownFileType = sourcecode.c.objc; path = BBSDownloadingTableViewCell.m; sourceTree = "<group>"; };
		182BEAA51F46EB7B00FD6ABE /* BBSDownloadingTableViewCell.xib */ = {isa = PBXFileReference; fileEncoding = 4; lastKnownFileType = file.xib; path = BBSDownloadingTableViewCell.xib; sourceTree = "<group>"; };
		182BEAA61F46EB7B00FD6ABE /* BBSDownloadTableViewCell.h */ = {isa = PBXFileReference; fileEncoding = 4; lastKnownFileType = sourcecode.c.h; path = BBSDownloadTableViewCell.h; sourceTree = "<group>"; };
		182BEAA71F46EB7B00FD6ABE /* BBSDownloadTableViewCell.m */ = {isa = PBXFileReference; fileEncoding = 4; lastKnownFileType = sourcecode.c.objc; path = BBSDownloadTableViewCell.m; sourceTree = "<group>"; };
		182BEAA81F46EB7B00FD6ABE /* BBSDownloadTableViewCell.xib */ = {isa = PBXFileReference; fileEncoding = 4; lastKnownFileType = file.xib; path = BBSDownloadTableViewCell.xib; sourceTree = "<group>"; };
		182BEAA91F46EB7B00FD6ABE /* BBSDownloadViewController.h */ = {isa = PBXFileReference; fileEncoding = 4; lastKnownFileType = sourcecode.c.h; path = BBSDownloadViewController.h; sourceTree = "<group>"; };
		182BEAAA1F46EB7B00FD6ABE /* BBSDownloadViewController.m */ = {isa = PBXFileReference; fileEncoding = 4; lastKnownFileType = sourcecode.c.objc; path = BBSDownloadViewController.m; sourceTree = "<group>"; };
		182BEAAB1F46EB7B00FD6ABE /* BBSDownloadViewController.xib */ = {isa = PBXFileReference; fileEncoding = 4; lastKnownFileType = file.xib; path = BBSDownloadViewController.xib; sourceTree = "<group>"; };
		18301B6C1F4E735400294664 /* BBSDragViewController.h */ = {isa = PBXFileReference; fileEncoding = 4; lastKnownFileType = sourcecode.c.h; path = BBSDragViewController.h; sourceTree = "<group>"; };
		18301B6D1F4E735400294664 /* BBSDragViewController.m */ = {isa = PBXFileReference; fileEncoding = 4; lastKnownFileType = sourcecode.c.objc; path = BBSDragViewController.m; sourceTree = "<group>"; };
		18C235391F42E56100553864 /* NxhTest.app */ = {isa = PBXFileReference; explicitFileType = wrapper.application; includeInIndex = 0; path = NxhTest.app; sourceTree = BUILT_PRODUCTS_DIR; };
		18C2353D1F42E56100553864 /* main.m */ = {isa = PBXFileReference; lastKnownFileType = sourcecode.c.objc; path = main.m; sourceTree = "<group>"; };
		18C2353F1F42E56100553864 /* AppDelegate.h */ = {isa = PBXFileReference; lastKnownFileType = sourcecode.c.h; path = AppDelegate.h; sourceTree = "<group>"; };
		18C235401F42E56100553864 /* AppDelegate.m */ = {isa = PBXFileReference; lastKnownFileType = sourcecode.c.objc; path = AppDelegate.m; sourceTree = "<group>"; };
		18C235421F42E56100553864 /* HomeViewController.h */ = {isa = PBXFileReference; lastKnownFileType = sourcecode.c.h; path = HomeViewController.h; sourceTree = "<group>"; };
		18C235431F42E56100553864 /* HomeViewController.m */ = {isa = PBXFileReference; lastKnownFileType = sourcecode.c.objc; path = HomeViewController.m; sourceTree = "<group>"; };
		18C235481F42E56100553864 /* Assets.xcassets */ = {isa = PBXFileReference; lastKnownFileType = folder.assetcatalog; path = Assets.xcassets; sourceTree = "<group>"; };
		18C2354B1F42E56100553864 /* Base */ = {isa = PBXFileReference; lastKnownFileType = file.storyboard; name = Base; path = Base.lproj/LaunchScreen.storyboard; sourceTree = "<group>"; };
		18C2354D1F42E56100553864 /* Info.plist */ = {isa = PBXFileReference; lastKnownFileType = text.plist.xml; path = Info.plist; sourceTree = "<group>"; };
		18C235541F42E56F00553864 /* iCarousel.h */ = {isa = PBXFileReference; fileEncoding = 4; lastKnownFileType = sourcecode.c.h; path = iCarousel.h; sourceTree = "<group>"; };
		18C235551F42E56F00553864 /* iCarousel.m */ = {isa = PBXFileReference; fileEncoding = 4; lastKnownFileType = sourcecode.c.objc; path = iCarousel.m; sourceTree = "<group>"; };
		18C235581F42FAEC00553864 /* UIImage+scale.h */ = {isa = PBXFileReference; fileEncoding = 4; lastKnownFileType = sourcecode.c.h; path = "UIImage+scale.h"; sourceTree = "<group>"; };
		18C235591F42FAEC00553864 /* UIImage+scale.m */ = {isa = PBXFileReference; fileEncoding = 4; lastKnownFileType = sourcecode.c.objc; path = "UIImage+scale.m"; sourceTree = "<group>"; };
		18C2355B1F42FAFB00553864 /* UIImage+down.h */ = {isa = PBXFileReference; fileEncoding = 4; lastKnownFileType = sourcecode.c.h; path = "UIImage+down.h"; sourceTree = "<group>"; };
		18C2355C1F42FAFB00553864 /* UIImage+down.m */ = {isa = PBXFileReference; fileEncoding = 4; lastKnownFileType = sourcecode.c.objc; path = "UIImage+down.m"; sourceTree = "<group>"; };
		18C2355E1F42FD0500553864 /* UIImageView+colorGraduallyChange.h */ = {isa = PBXFileReference; fileEncoding = 4; lastKnownFileType = sourcecode.c.h; path = "UIImageView+colorGraduallyChange.h"; sourceTree = "<group>"; };
		18C2355F1F42FD0500553864 /* UIImageView+colorGraduallyChange.m */ = {isa = PBXFileReference; fileEncoding = 4; lastKnownFileType = sourcecode.c.objc; path = "UIImageView+colorGraduallyChange.m"; sourceTree = "<group>"; };
		18C235611F4304C800553864 /* UIImage+fuzzy.h */ = {isa = PBXFileReference; fileEncoding = 4; lastKnownFileType = sourcecode.c.h; path = "UIImage+fuzzy.h"; sourceTree = "<group>"; };
		18C235621F4304C800553864 /* UIImage+fuzzy.m */ = {isa = PBXFileReference; fileEncoding = 4; lastKnownFileType = sourcecode.c.objc; path = "UIImage+fuzzy.m"; sourceTree = "<group>"; };
		18C235641F430AC200553864 /* BBSWeightChangeVC.h */ = {isa = PBXFileReference; fileEncoding = 4; lastKnownFileType = sourcecode.c.h; path = BBSWeightChangeVC.h; sourceTree = "<group>"; };
		18C235651F430AC200553864 /* BBSWeightChangeVC.m */ = {isa = PBXFileReference; fileEncoding = 4; lastKnownFileType = sourcecode.c.objc; path = BBSWeightChangeVC.m; sourceTree = "<group>"; };
		18C235681F430B1A00553864 /* LYSHistogramChart.h */ = {isa = PBXFileReference; fileEncoding = 4; lastKnownFileType = sourcecode.c.h; path = LYSHistogramChart.h; sourceTree = "<group>"; };
		18C235691F430B1A00553864 /* LYSHistogramChart.m */ = {isa = PBXFileReference; fileEncoding = 4; lastKnownFileType = sourcecode.c.objc; path = LYSHistogramChart.m; sourceTree = "<group>"; };
		18C2356A1F430B1A00553864 /* LYSLineChart.h */ = {isa = PBXFileReference; fileEncoding = 4; lastKnownFileType = sourcecode.c.h; path = LYSLineChart.h; sourceTree = "<group>"; };
		18C2356B1F430B1A00553864 /* LYSLineChart.m */ = {isa = PBXFileReference; fileEncoding = 4; lastKnownFileType = sourcecode.c.objc; path = LYSLineChart.m; sourceTree = "<group>"; };
		18C2356C1F430B1A00553864 /* LYSToolObject.h */ = {isa = PBXFileReference; fileEncoding = 4; lastKnownFileType = sourcecode.c.h; path = LYSToolObject.h; sourceTree = "<group>"; };
		18C2356D1F430B1A00553864 /* LYSToolObject.m */ = {isa = PBXFileReference; fileEncoding = 4; lastKnownFileType = sourcecode.c.objc; path = LYSToolObject.m; sourceTree = "<group>"; };
/* End PBXFileReference section */

/* Begin PBXFrameworksBuildPhase section */
		18C235361F42E56100553864 /* Frameworks */ = {
			isa = PBXFrameworksBuildPhase;
			buildActionMask = 2147483647;
			files = (
			);
			runOnlyForDeploymentPostprocessing = 0;
		};
/* End PBXFrameworksBuildPhase section */

/* Begin PBXGroup section */
		1818992E1F43D5250035FAFA /* UIColor */ = {
			isa = PBXGroup;
			children = (
				1818992F1F43D5250035FAFA /* UIColor+HexColor.h */,
				181899301F43D5250035FAFA /* UIColor+HexColor.m */,
			);
			path = UIColor;
			sourceTree = "<group>";
		};
		1819493E1F4D88C900B2DD0A /* LTMorphingLabel */ = {
			isa = PBXGroup;
			children = (
				1819493F1F4D88C900B2DD0A /* LTCharacterDiffResult.swift */,
				181949401F4D88C900B2DD0A /* LTCharacterLimbo.swift */,
				181949411F4D88C900B2DD0A /* LTEasing.swift */,
				181949421F4D88C900B2DD0A /* LTEmitterView.swift */,
				181949431F4D88C900B2DD0A /* LTMorphingEffect.swift */,
				181949441F4D88C900B2DD0A /* LTMorphingLabel+Anvil.swift */,
				181949451F4D88C900B2DD0A /* LTMorphingLabel+Burn.swift */,
				181949461F4D88C900B2DD0A /* LTMorphingLabel+Evaporate.swift */,
				181949471F4D88C900B2DD0A /* LTMorphingLabel+Fall.swift */,
				181949481F4D88C900B2DD0A /* LTMorphingLabel+Pixelate.swift */,
				181949491F4D88C900B2DD0A /* LTMorphingLabel+Sparkle.swift */,
				1819494A1F4D88C900B2DD0A /* LTMorphingLabel.h */,
				1819494B1F4D88C900B2DD0A /* LTMorphingLabel.swift */,
				1819494C1F4D88C900B2DD0A /* LTStringDiffResult.swift */,
				1819494D1F4D88C900B2DD0A /* Particles */,
			);
			path = LTMorphingLabel;
			sourceTree = "<group>";
		};
		1819494D1F4D88C900B2DD0A /* Particles */ = {
			isa = PBXGroup;
			children = (
				1819494E1F4D88C900B2DD0A /* Fire.png */,
				1819494F1F4D88C900B2DD0A /* Fragment.png */,
				181949501F4D88C900B2DD0A /* Smoke.png */,
				181949511F4D88C900B2DD0A /* Sparkle.png */,
			);
			path = Particles;
			sourceTree = "<group>";
		};
		181B8FFD1F46D2C300A4C971 /* ZFDownload */ = {
			isa = PBXGroup;
			children = (
				181B8FFE1F46D2C300A4C971 /* ZFDownloadManager.h */,
				181B8FFF1F46D2C300A4C971 /* ZFDownloadManager.m */,
				181B90001F46D2C300A4C971 /* ZFSessionModel.h */,
				181B90011F46D2C300A4C971 /* ZFSessionModel.m */,
			);
			path = ZFDownload;
			sourceTree = "<group>";
		};
		181B90041F46D39300A4C971 /* TZImagePickerController */ = {
			isa = PBXGroup;
			children = (
				181B90051F46D39300A4C971 /* TZAssetCell.h */,
				181B90061F46D39300A4C971 /* TZAssetCell.m */,
				181B90071F46D39300A4C971 /* TZAssetModel.h */,
				181B90081F46D39300A4C971 /* TZAssetModel.m */,
				181B90091F46D39300A4C971 /* TZImageManager.h */,
				181B900A1F46D39300A4C971 /* TZImageManager.m */,
				181B900B1F46D39300A4C971 /* TZImagePickerController.bundle */,
				181B900C1F46D39300A4C971 /* TZImagePickerController.h */,
				181B900D1F46D39300A4C971 /* TZImagePickerController.m */,
				181B900E1F46D39300A4C971 /* TZPhotoPickerController.h */,
				181B900F1F46D39300A4C971 /* TZPhotoPickerController.m */,
				181B90101F46D39300A4C971 /* TZPhotoPreviewCell.h */,
				181B90111F46D39300A4C971 /* TZPhotoPreviewCell.m */,
				181B90121F46D39300A4C971 /* TZPhotoPreviewController.h */,
				181B90131F46D39300A4C971 /* TZPhotoPreviewController.m */,
				181B90141F46D39300A4C971 /* TZVideoPlayerController.h */,
				181B90151F46D39300A4C971 /* TZVideoPlayerController.m */,
				181B90161F46D39300A4C971 /* UIView+Layout.h */,
				181B90171F46D39300A4C971 /* UIView+Layout.m */,
			);
			path = TZImagePickerController;
			sourceTree = "<group>";
		};
		182BEA9F1F46EB7B00FD6ABE /* BBSDownload */ = {
			isa = PBXGroup;
			children = (
				182BEAA01F46EB7B00FD6ABE /* BBSDownloadedTableViewCell.h */,
				182BEAA11F46EB7B00FD6ABE /* BBSDownloadedTableViewCell.m */,
				182BEAA21F46EB7B00FD6ABE /* BBSDownloadedTableViewCell.xib */,
				182BEAA31F46EB7B00FD6ABE /* BBSDownloadingTableViewCell.h */,
				182BEAA41F46EB7B00FD6ABE /* BBSDownloadingTableViewCell.m */,
				182BEAA51F46EB7B00FD6ABE /* BBSDownloadingTableViewCell.xib */,
				182BEAA61F46EB7B00FD6ABE /* BBSDownloadTableViewCell.h */,
				182BEAA71F46EB7B00FD6ABE /* BBSDownloadTableViewCell.m */,
				182BEAA81F46EB7B00FD6ABE /* BBSDownloadTableViewCell.xib */,
				182BEAA91F46EB7B00FD6ABE /* BBSDownloadViewController.h */,
				182BEAAA1F46EB7B00FD6ABE /* BBSDownloadViewController.m */,
				182BEAAB1F46EB7B00FD6ABE /* BBSDownloadViewController.xib */,
			);
			path = BBSDownload;
			sourceTree = "<group>";
		};
		18C235301F42E56100553864 = {
			isa = PBXGroup;
			children = (
				18C2353B1F42E56100553864 /* NxhTest */,
				18C2353A1F42E56100553864 /* Products */,
			);
			sourceTree = "<group>";
		};
		18C2353A1F42E56100553864 /* Products */ = {
			isa = PBXGroup;
			children = (
				18C235391F42E56100553864 /* NxhTest.app */,
			);
			name = Products;
			sourceTree = "<group>";
		};
		18C2353B1F42E56100553864 /* NxhTest */ = {
			isa = PBXGroup;
			children = (
				1819493E1F4D88C900B2DD0A /* LTMorphingLabel */,
				181B90041F46D39300A4C971 /* TZImagePickerController */,
				181B8FFD1F46D2C300A4C971 /* ZFDownload */,
				1818992E1F43D5250035FAFA /* UIColor */,
				18C235671F430B1A00553864 /* LYSChart */,
				18C235571F42FACE00553864 /* Category */,
				18C235531F42E56F00553864 /* iCarousel */,
				18C2353F1F42E56100553864 /* AppDelegate.h */,
				18C235401F42E56100553864 /* AppDelegate.m */,
				18C235421F42E56100553864 /* HomeViewController.h */,
				18C235431F42E56100553864 /* HomeViewController.m */,
				18C235481F42E56100553864 /* Assets.xcassets */,
				18C2354D1F42E56100553864 /* Info.plist */,
				18C2354A1F42E56100553864 /* LaunchScreen.storyboard */,
				18C2353C1F42E56100553864 /* Supporting Files */,
				18C235641F430AC200553864 /* BBSWeightChangeVC.h */,
				18C235651F430AC200553864 /* BBSWeightChangeVC.m */,
				181B8FF71F46BE7800A4C971 /* BBSURLSessionViewController.h */,
				181B8FF81F46BE7800A4C971 /* BBSURLSessionViewController.m */,
				181B8FFA1F46C5C400A4C971 /* BBSMyURLSessionViewController.h */,
				181B8FFB1F46C5C400A4C971 /* BBSMyURLSessionViewController.m */,
				182BEA9F1F46EB7B00FD6ABE /* BBSDownload */,
				1819493B1F4D883800B2DD0A /* BBSLabelViewController.h */,
				1819493C1F4D883800B2DD0A /* BBSLabelViewController.m */,
				181949631F4D8B0A00B2DD0A /* BBSSwift.swift */,
				18301B6C1F4E735400294664 /* BBSDragViewController.h */,
				18301B6D1F4E735400294664 /* BBSDragViewController.m */,
			);
			path = NxhTest;
			sourceTree = "<group>";
		};
		18C2353C1F42E56100553864 /* Supporting Files */ = {
			isa = PBXGroup;
			children = (
				18C2353D1F42E56100553864 /* main.m */,
				181B90271F46D84B00A4C971 /* JWTestPCH.pch */,
			);
			name = "Supporting Files";
			sourceTree = "<group>";
		};
		18C235531F42E56F00553864 /* iCarousel */ = {
			isa = PBXGroup;
			children = (
				18C235541F42E56F00553864 /* iCarousel.h */,
				18C235551F42E56F00553864 /* iCarousel.m */,
			);
			path = iCarousel;
			sourceTree = "<group>";
		};
		18C235571F42FACE00553864 /* Category */ = {
			isa = PBXGroup;
			children = (
				18C235581F42FAEC00553864 /* UIImage+scale.h */,
				18C235591F42FAEC00553864 /* UIImage+scale.m */,
				18C2355B1F42FAFB00553864 /* UIImage+down.h */,
				18C2355C1F42FAFB00553864 /* UIImage+down.m */,
				18C2355E1F42FD0500553864 /* UIImageView+colorGraduallyChange.h */,
				18C2355F1F42FD0500553864 /* UIImageView+colorGraduallyChange.m */,
				18C235611F4304C800553864 /* UIImage+fuzzy.h */,
				18C235621F4304C800553864 /* UIImage+fuzzy.m */,
			);
			path = Category;
			sourceTree = "<group>";
		};
		18C235671F430B1A00553864 /* LYSChart */ = {
			isa = PBXGroup;
			children = (
				18C235681F430B1A00553864 /* LYSHistogramChart.h */,
				18C235691F430B1A00553864 /* LYSHistogramChart.m */,
				18C2356A1F430B1A00553864 /* LYSLineChart.h */,
				18C2356B1F430B1A00553864 /* LYSLineChart.m */,
				18C2356C1F430B1A00553864 /* LYSToolObject.h */,
				18C2356D1F430B1A00553864 /* LYSToolObject.m */,
			);
			path = LYSChart;
			sourceTree = "<group>";
		};
/* End PBXGroup section */

/* Begin PBXNativeTarget section */
		18C235381F42E56100553864 /* NxhTest */ = {
			isa = PBXNativeTarget;
			buildConfigurationList = 18C235501F42E56100553864 /* Build configuration list for PBXNativeTarget "NxhTest" */;
			buildPhases = (
				18C235351F42E56100553864 /* Sources */,
				18C235361F42E56100553864 /* Frameworks */,
				18C235371F42E56100553864 /* Resources */,
			);
			buildRules = (
			);
			dependencies = (
			);
			name = NxhTest;
			productName = NxhTest;
			productReference = 18C235391F42E56100553864 /* NxhTest.app */;
			productType = "com.apple.product-type.application";
		};
/* End PBXNativeTarget section */

/* Begin PBXProject section */
		18C235311F42E56100553864 /* Project object */ = {
			isa = PBXProject;
			attributes = {
				LastUpgradeCheck = 0830;
				ORGANIZATIONNAME = UgoMedia;
				TargetAttributes = {
					18C235381F42E56100553864 = {
						CreatedOnToolsVersion = 8.3.3;
						ProvisioningStyle = Automatic;
					};
				};
			};
			buildConfigurationList = 18C235341F42E56100553864 /* Build configuration list for PBXProject "NxhTest" */;
			compatibilityVersion = "Xcode 3.2";
			developmentRegion = English;
			hasScannedForEncodings = 0;
			knownRegions = (
				en,
				Base,
			);
			mainGroup = 18C235301F42E56100553864;
			productRefGroup = 18C2353A1F42E56100553864 /* Products */;
			projectDirPath = "";
			projectRoot = "";
			targets = (
				18C235381F42E56100553864 /* NxhTest */,
			);
		};
/* End PBXProject section */

/* Begin PBXResourcesBuildPhase section */
		18C235371F42E56100553864 /* Resources */ = {
			isa = PBXResourcesBuildPhase;
			buildActionMask = 2147483647;
			files = (
				182BEAAF1F46EB7B00FD6ABE /* BBSDownloadingTableViewCell.xib in Resources */,
				1819495F1F4D88C900B2DD0A /* Fire.png in Resources */,
				181B901B1F46D39300A4C971 /* TZImagePickerController.bundle in Resources */,
				182BEAB31F46EB7B00FD6ABE /* BBSDownloadViewController.xib in Resources */,
				18C2354C1F42E56100553864 /* LaunchScreen.storyboard in Resources */,
				182BEAAD1F46EB7B00FD6ABE /* BBSDownloadedTableViewCell.xib in Resources */,
				18C235491F42E56100553864 /* Assets.xcassets in Resources */,
				181949601F4D88C900B2DD0A /* Fragment.png in Resources */,
				182BEAB11F46EB7B00FD6ABE /* BBSDownloadTableViewCell.xib in Resources */,
				181949611F4D88C900B2DD0A /* Smoke.png in Resources */,
				181949621F4D88C900B2DD0A /* Sparkle.png in Resources */,
			);
			runOnlyForDeploymentPostprocessing = 0;
		};
/* End PBXResourcesBuildPhase section */

/* Begin PBXSourcesBuildPhase section */
		18C235351F42E56100553864 /* Sources */ = {
			isa = PBXSourcesBuildPhase;
			buildActionMask = 2147483647;
			files = (
				18C235441F42E56100553864 /* HomeViewController.m in Sources */,
				181B90021F46D2C300A4C971 /* ZFDownloadManager.m in Sources */,
				18C235661F430AC200553864 /* BBSWeightChangeVC.m in Sources */,
				181B901A1F46D39300A4C971 /* TZImageManager.m in Sources */,
				1819495D1F4D88C900B2DD0A /* LTMorphingLabel.swift in Sources */,
				182BEAAE1F46EB7B00FD6ABE /* BBSDownloadingTableViewCell.m in Sources */,
				1819495E1F4D88C900B2DD0A /* LTStringDiffResult.swift in Sources */,
				181899311F43D5250035FAFA /* UIColor+HexColor.m in Sources */,
				182BEAB21F46EB7B00FD6ABE /* BBSDownloadViewController.m in Sources */,
				18C2355D1F42FAFB00553864 /* UIImage+down.m in Sources */,
				181B90031F46D2C300A4C971 /* ZFSessionModel.m in Sources */,
				182BEAAC1F46EB7B00FD6ABE /* BBSDownloadedTableViewCell.m in Sources */,
				18301B6E1F4E735400294664 /* BBSDragViewController.m in Sources */,
				181949541F4D88C900B2DD0A /* LTEasing.swift in Sources */,
				1819495A1F4D88C900B2DD0A /* LTMorphingLabel+Fall.swift in Sources */,
				18C235561F42E56F00553864 /* iCarousel.m in Sources */,
				181949531F4D88C900B2DD0A /* LTCharacterLimbo.swift in Sources */,
				18C2356E1F430B1A00553864 /* LYSHistogramChart.m in Sources */,
				181949561F4D88C900B2DD0A /* LTMorphingEffect.swift in Sources */,
				1819493D1F4D883800B2DD0A /* BBSLabelViewController.m in Sources */,
				181B90191F46D39300A4C971 /* TZAssetModel.m in Sources */,
				181B901C1F46D39300A4C971 /* TZImagePickerController.m in Sources */,
				18C235601F42FD0500553864 /* UIImageView+colorGraduallyChange.m in Sources */,
				182BEAB01F46EB7B00FD6ABE /* BBSDownloadTableViewCell.m in Sources */,
				181B8FFC1F46C5C400A4C971 /* BBSMyURLSessionViewController.m in Sources */,
				181949581F4D88C900B2DD0A /* LTMorphingLabel+Burn.swift in Sources */,
				181B901E1F46D39300A4C971 /* TZPhotoPreviewCell.m in Sources */,
				181B90201F46D39300A4C971 /* TZVideoPlayerController.m in Sources */,
				18C2355A1F42FAEC00553864 /* UIImage+scale.m in Sources */,
				181B901D1F46D39300A4C971 /* TZPhotoPickerController.m in Sources */,
				1819495C1F4D88C900B2DD0A /* LTMorphingLabel+Sparkle.swift in Sources */,
				18C235701F430B1A00553864 /* LYSToolObject.m in Sources */,
				181949641F4D8B0A00B2DD0A /* BBSSwift.swift in Sources */,
				181949571F4D88C900B2DD0A /* LTMorphingLabel+Anvil.swift in Sources */,
				181949591F4D88C900B2DD0A /* LTMorphingLabel+Evaporate.swift in Sources */,
				181949551F4D88C900B2DD0A /* LTEmitterView.swift in Sources */,
				181B90211F46D39300A4C971 /* UIView+Layout.m in Sources */,
				18C235411F42E56100553864 /* AppDelegate.m in Sources */,
				18C235631F4304C800553864 /* UIImage+fuzzy.m in Sources */,
				181B901F1F46D39300A4C971 /* TZPhotoPreviewController.m in Sources */,
				181949521F4D88C900B2DD0A /* LTCharacterDiffResult.swift in Sources */,
				181B90181F46D39300A4C971 /* TZAssetCell.m in Sources */,
				18C2356F1F430B1A00553864 /* LYSLineChart.m in Sources */,
				18C2353E1F42E56100553864 /* main.m in Sources */,
				181B8FF91F46BE7800A4C971 /* BBSURLSessionViewController.m in Sources */,
				1819495B1F4D88C900B2DD0A /* LTMorphingLabel+Pixelate.swift in Sources */,
			);
			runOnlyForDeploymentPostprocessing = 0;
		};
/* End PBXSourcesBuildPhase section */

/* Begin PBXVariantGroup section */
		18C2354A1F42E56100553864 /* LaunchScreen.storyboard */ = {
			isa = PBXVariantGroup;
			children = (
				18C2354B1F42E56100553864 /* Base */,
			);
			name = LaunchScreen.storyboard;
			sourceTree = "<group>";
		};
/* End PBXVariantGroup section */

/* Begin XCBuildConfiguration section */
		18C2354E1F42E56100553864 /* Debug */ = {
			isa = XCBuildConfiguration;
			buildSettings = {
				ALWAYS_SEARCH_USER_PATHS = NO;
				CLANG_ANALYZER_NONNULL = YES;
				CLANG_ANALYZER_NUMBER_OBJECT_CONVERSION = YES_AGGRESSIVE;
				CLANG_CXX_LANGUAGE_STANDARD = "gnu++0x";
				CLANG_CXX_LIBRARY = "libc++";
				CLANG_ENABLE_MODULES = YES;
				CLANG_ENABLE_OBJC_ARC = YES;
				CLANG_WARN_BOOL_CONVERSION = YES;
				CLANG_WARN_CONSTANT_CONVERSION = YES;
				CLANG_WARN_DIRECT_OBJC_ISA_USAGE = YES_ERROR;
				CLANG_WARN_DOCUMENTATION_COMMENTS = YES;
				CLANG_WARN_EMPTY_BODY = YES;
				CLANG_WARN_ENUM_CONVERSION = YES;
				CLANG_WARN_INFINITE_RECURSION = YES;
				CLANG_WARN_INT_CONVERSION = YES;
				CLANG_WARN_OBJC_ROOT_CLASS = YES_ERROR;
				CLANG_WARN_SUSPICIOUS_MOVE = YES;
				CLANG_WARN_UNREACHABLE_CODE = YES;
				CLANG_WARN__DUPLICATE_METHOD_MATCH = YES;
				"CODE_SIGN_IDENTITY[sdk=iphoneos*]" = "iPhone Developer";
				COPY_PHASE_STRIP = NO;
				DEBUG_INFORMATION_FORMAT = dwarf;
				ENABLE_STRICT_OBJC_MSGSEND = YES;
				ENABLE_TESTABILITY = YES;
				GCC_C_LANGUAGE_STANDARD = gnu99;
				GCC_DYNAMIC_NO_PIC = NO;
				GCC_NO_COMMON_BLOCKS = YES;
				GCC_OPTIMIZATION_LEVEL = 0;
				GCC_PREPROCESSOR_DEFINITIONS = (
					"DEBUG=1",
					"$(inherited)",
				);
				GCC_WARN_64_TO_32_BIT_CONVERSION = YES;
				GCC_WARN_ABOUT_RETURN_TYPE = YES_ERROR;
				GCC_WARN_UNDECLARED_SELECTOR = YES;
				GCC_WARN_UNINITIALIZED_AUTOS = YES_AGGRESSIVE;
				GCC_WARN_UNUSED_FUNCTION = YES;
				GCC_WARN_UNUSED_VARIABLE = YES;
				IPHONEOS_DEPLOYMENT_TARGET = 10.3;
				MTL_ENABLE_DEBUG_INFO = YES;
				ONLY_ACTIVE_ARCH = YES;
				SDKROOT = iphoneos;
				TARGETED_DEVICE_FAMILY = "1,2";
			};
			name = Debug;
		};
		18C2354F1F42E56100553864 /* Release */ = {
			isa = XCBuildConfiguration;
			buildSettings = {
				ALWAYS_SEARCH_USER_PATHS = NO;
				CLANG_ANALYZER_NONNULL = YES;
				CLANG_ANALYZER_NUMBER_OBJECT_CONVERSION = YES_AGGRESSIVE;
				CLANG_CXX_LANGUAGE_STANDARD = "gnu++0x";
				CLANG_CXX_LIBRARY = "libc++";
				CLANG_ENABLE_MODULES = YES;
				CLANG_ENABLE_OBJC_ARC = YES;
				CLANG_WARN_BOOL_CONVERSION = YES;
				CLANG_WARN_CONSTANT_CONVERSION = YES;
				CLANG_WARN_DIRECT_OBJC_ISA_USAGE = YES_ERROR;
				CLANG_WARN_DOCUMENTATION_COMMENTS = YES;
				CLANG_WARN_EMPTY_BODY = YES;
				CLANG_WARN_ENUM_CONVERSION = YES;
				CLANG_WARN_INFINITE_RECURSION = YES;
				CLANG_WARN_INT_CONVERSION = YES;
				CLANG_WARN_OBJC_ROOT_CLASS = YES_ERROR;
				CLANG_WARN_SUSPICIOUS_MOVE = YES;
				CLANG_WARN_UNREACHABLE_CODE = YES;
				CLANG_WARN__DUPLICATE_METHOD_MATCH = YES;
				"CODE_SIGN_IDENTITY[sdk=iphoneos*]" = "iPhone Developer";
				COPY_PHASE_STRIP = NO;
				DEBUG_INFORMATION_FORMAT = "dwarf-with-dsym";
				ENABLE_NS_ASSERTIONS = NO;
				ENABLE_STRICT_OBJC_MSGSEND = YES;
				GCC_C_LANGUAGE_STANDARD = gnu99;
				GCC_NO_COMMON_BLOCKS = YES;
				GCC_WARN_64_TO_32_BIT_CONVERSION = YES;
				GCC_WARN_ABOUT_RETURN_TYPE = YES_ERROR;
				GCC_WARN_UNDECLARED_SELECTOR = YES;
				GCC_WARN_UNINITIALIZED_AUTOS = YES_AGGRESSIVE;
				GCC_WARN_UNUSED_FUNCTION = YES;
				GCC_WARN_UNUSED_VARIABLE = YES;
				IPHONEOS_DEPLOYMENT_TARGET = 10.3;
				MTL_ENABLE_DEBUG_INFO = NO;
				SDKROOT = iphoneos;
				TARGETED_DEVICE_FAMILY = "1,2";
				VALIDATE_PRODUCT = YES;
			};
			name = Release;
		};
		18C235511F42E56100553864 /* Debug */ = {
			isa = XCBuildConfiguration;
			buildSettings = {
				ASSETCATALOG_COMPILER_APPICON_NAME = AppIcon;
				DEFINES_MODULE = YES;
				ENABLE_BITCODE = YES;
				GCC_PREFIX_HEADER = "$(SRCROOT)/NxhTest/JWTestPCH.pch";
				INFOPLIST_FILE = NxhTest/Info.plist;
				LD_RUNPATH_SEARCH_PATHS = "$(inherited) @executable_path/Frameworks";
				PRODUCT_BUNDLE_IDENTIFIER = com.UgoMedia.NxhTestfsafasf;
				PRODUCT_NAME = "$(TARGET_NAME)";
				SWIFT_VERSION = 3.0;
			};
			name = Debug;
		};
		18C235521F42E56100553864 /* Release */ = {
			isa = XCBuildConfiguration;
			buildSettings = {
				ASSETCATALOG_COMPILER_APPICON_NAME = AppIcon;
				DEFINES_MODULE = YES;
				ENABLE_BITCODE = YES;
				GCC_PREFIX_HEADER = "$(SRCROOT)/NxhTest/JWTestPCH.pch";
				INFOPLIST_FILE = NxhTest/Info.plist;
				LD_RUNPATH_SEARCH_PATHS = "$(inherited) @executable_path/Frameworks";
				PRODUCT_BUNDLE_IDENTIFIER = com.UgoMedia.NxhTestfsafasf;
				PRODUCT_NAME = "$(TARGET_NAME)";
				SWIFT_VERSION = 3.0;
			};
			name = Release;
		};
/* End XCBuildConfiguration section */

/* Begin XCConfigurationList section */
		18C235341F42E56100553864 /* Build configuration list for PBXProject "NxhTest" */ = {
			isa = XCConfigurationList;
			buildConfigurations = (
				18C2354E1F42E56100553864 /* Debug */,
				18C2354F1F42E56100553864 /* Release */,
			);
			defaultConfigurationIsVisible = 0;
			defaultConfigurationName = Release;
		};
		18C235501F42E56100553864 /* Build configuration list for PBXNativeTarget "NxhTest" */ = {
			isa = XCConfigurationList;
			buildConfigurations = (
				18C235511F42E56100553864 /* Debug */,
				18C235521F42E56100553864 /* Release */,
			);
			defaultConfigurationIsVisible = 0;
			defaultConfigurationName = Release;
		};
/* End XCConfigurationList section */
	};
	rootObject = 18C235311F42E56100553864 /* Project object */;
}
